<?xml version="1.0" encoding="UTF-8" standalone="yes" ?>
<CodeBlocks_project_file>
	<FileVersion major="1" minor="6" />
	<Project>
		<Option title="fantasy-world" />
		<Option pch_mode="2" />
		<Option compiler="gcc" />
		<Build>
			<Target title="Debug">
				<Option output="bin/Debug/fantasy-world" prefix_auto="1" extension_auto="1" />
				<Option object_output="obj/Debug/" />
				<Option type="1" />
				<Option compiler="gcc" />
				<Compiler>
					<Add option="-g" />
				</Compiler>
			</Target>
			<Target title="Release">
				<Option output="bin/Release/fantasy-world" prefix_auto="1" extension_auto="1" />
				<Option object_output="obj/Release/" />
				<Option type="1" />
				<Option compiler="gcc" />
				<Compiler>
					<Add option="-O2" />
					<Add option="-ffast-math" />
				</Compiler>
				<Linker>
					<Add option="-s" />
				</Linker>
			</Target>
		</Build>
		<Compiler>
			<Add option="-Wall" />
		</Compiler>
		<Linker>
			<Add library="tgui" />
			<Add library="sfml-graphics" />
			<Add library="sfml-window" />
			<Add library="sfml-system" />
			<Add library="PocoNetSSL" />
			<Add library="PocoNet" />
			<Add library="PocoFoundation" />
		</Linker>
		<Unit filename="chest.cpp" />
		<Unit filename="chest.hpp" />
		<Unit filename="engine.cpp" />
		<Unit filename="engine.hpp" />
		<Unit filename="eventhandler.cpp" />
		<Unit filename="eventhandler.hpp" />
		<Unit filename="helperfunctions.cpp" />
		<Unit filename="helperfunctions.hpp" />
		<Unit filename="interface.cpp" />
		<Unit filename="interface.hpp" />
		<Unit filename="localplayer.cpp" />
		<Unit filename="localplayer.hpp" />
		<Unit filename="main.cpp" />
		<Unit filename="map.cpp" />
		<Unit filename="map.hpp" />
		<Unit filename="mapitem.cpp" />
		<Unit filename="mapitem.hpp" />
		<Unit filename="mapobject.cpp" />
		<Unit filename="mapobject.hpp" />
		<Unit filename="monster.cpp" />
		<Unit filename="monster.hpp" />
		<Unit filename="network.cpp" />
		<Unit filename="network.hpp" />
		<Unit filename="npc.cpp" />
		<Unit filename="npc.hpp" />
		<Unit filename="player.cpp" />
		<Unit filename="player.hpp" />
		<Unit filename="resourcemanager.cpp" />
		<Unit filename="resourcemanager.hpp" />
		<Unit filename="threads.hpp" />
		<Unit filename="tile.cpp" />
		<Unit filename="tile.hpp" />
		<Extensions />
	</Project>
</CodeBlocks_project_file>
